
Microsoft Visual Studio Solution File, Format Version 12.00
# Visual Studio Version 17
VisualStudioVersion = 17.3.32901.215
MinimumVisualStudioVersion = 10.0.40219.1
Project("{FAE04EC0-301F-11D3-BF4B-00C04F79EFBC}") = "EasyBank", "EasyBank\EasyBank.csproj", "{B8E16F7E-3395-4534-A0BF-52D15BE5629B}"
EndProject
Global
	GlobalSection(SolutionConfigurationPlatforms) = preSolution
		Debug|Any CPU = Debug|Any CPU
		Release|Any CPU = Release|Any CPU
	EndGlobalSection
	GlobalSection(ProjectConfigurationPlatforms) = postSolution
		{B8E16F7E-3395-4534-A0BF-52D15BE5629B}.Debug|Any CPU.ActiveCfg = Debug|Any CPU
		{B8E16F7E-3395-4534-A0BF-52D15BE5629B}.Debug|Any CPU.Build.0 = Debug|Any CPU
		{B8E16F7E-3395-4534-A0BF-52D15BE5629B}.Release|Any CPU.ActiveCfg = Release|Any CPU
		{B8E16F7E-3395-4534-A0BF-52D15BE5629B}.Release|Any CPU.Build.0 = Release|Any CPU
	EndGlobalSection
	GlobalSection(SolutionProperties) = preSolution
		HideSolutionNode = FALSE
	EndGlobalSection
	GlobalSection(ExtensibilityGlobals) = postSolution
		SolutionGuid = {6E32C4DF-EA75-47B1-97B5-C36ED6981597}
	EndGlobalSection
EndGlobal
