
Microsoft Visual Studio Solution File, Format Version 12.00
# Visual Studio Version 17
VisualStudioVersion = 17.2.32630.192
MinimumVisualStudioVersion = 10.0.40219.1
Project("{FAE04EC0-301F-11D3-BF4B-00C04F79EFBC}") = "easyBanco", "easyBanco\easyBanco.csproj", "{65E4171F-A992-4E64-A297-28A49253D9E0}"
EndProject
Global
	GlobalSection(SolutionConfigurationPlatforms) = preSolution
		Debug|Any CPU = Debug|Any CPU
		Release|Any CPU = Release|Any CPU
	EndGlobalSection
	GlobalSection(ProjectConfigurationPlatforms) = postSolution
		{65E4171F-A992-4E64-A297-28A49253D9E0}.Debug|Any CPU.ActiveCfg = Debug|Any CPU
		{65E4171F-A992-4E64-A297-28A49253D9E0}.Debug|Any CPU.Build.0 = Debug|Any CPU
		{65E4171F-A992-4E64-A297-28A49253D9E0}.Release|Any CPU.ActiveCfg = Release|Any CPU
		{65E4171F-A992-4E64-A297-28A49253D9E0}.Release|Any CPU.Build.0 = Release|Any CPU
	EndGlobalSection
	GlobalSection(SolutionProperties) = preSolution
		HideSolutionNode = FALSE
	EndGlobalSection
	GlobalSection(ExtensibilityGlobals) = postSolution
		SolutionGuid = {D4D18A76-AD06-4DA5-BE72-818BF97E9F45}
	EndGlobalSection
EndGlobal
